
Microsoft Visual Studio Solution File, Format Version 12.00
# Visual Studio Version 16
VisualStudioVersion = 16.0.30413.136
MinimumVisualStudioVersion = 10.0.40219.1
Project("{FAE04EC0-301F-11D3-BF4B-00C04F79EFBC}") = "GUI", "GUI\GUI.csproj", "{023F2656-8310-48E7-B7C0-AD3BB3B3F75F}"
EndProject
Global
	GlobalSection(SolutionConfigurationPlatforms) = preSolution
		Debug|Any CPU = Debug|Any CPU
		Release|Any CPU = Release|Any CPU
	EndGlobalSection
	GlobalSection(ProjectConfigurationPlatforms) = postSolution
		{023F2656-8310-48E7-B7C0-AD3BB3B3F75F}.Debug|Any CPU.ActiveCfg = Debug|Any CPU
		{023F2656-8310-48E7-B7C0-AD3BB3B3F75F}.Debug|Any CPU.Build.0 = Debug|Any CPU
		{023F2656-8310-48E7-B7C0-AD3BB3B3F75F}.Release|Any CPU.ActiveCfg = Release|Any CPU
		{023F2656-8310-48E7-B7C0-AD3BB3B3F75F}.Release|Any CPU.Build.0 = Release|Any CPU
	EndGlobalSection
	GlobalSection(SolutionProperties) = preSolution
		HideSolutionNode = FALSE
	EndGlobalSection
	GlobalSection(ExtensibilityGlobals) = postSolution
		SolutionGuid = {B2C64FAF-43E0-45DC-A804-9F224900E1CC}
	EndGlobalSection
EndGlobal
